{
  "originHash" : "46ebec16f386996388b1c116ef35752e4c2fc48c590d0b1d3ed23449a1e44d6d",
  "pins" : [
    {
      "identity" : "flib-utils",
      "kind" : "remoteSourceControl",
      "location" : "https://github.com/leonodev/FLib-Utils.git",
      "state" : {
        "revision" : "16f60754cb6f666af7e208716f30123e7e343f27",
        "version" : "1.0.2"
      }
    }
  ],
  "version" : 3
}
